// !$*UTF8*$!
{
	archiveVersion = 1;
	classes = {
	};
	objectVersion = 46;
	objects = {

/* Begin PBXBuildFile section */
		29204BA61B6675510002CF95 /* main.cpp in Sources */ = {isa = PBXBuildFile; fileRef = 29204BA51B6675510002CF95 /* main.cpp */; };
		2941A8D71B97EF850019A9AF /* dbConnect.cpp in Sources */ = {isa = PBXBuildFile; fileRef = 2941A8D61B97EF850019A9AF /* dbConnect.cpp */; };
/* End PBXBuildFile section */

/* Begin PBXCopyFilesBuildPhase section */
		29204BA01B6675510002CF95 /* CopyFiles */ = {
			isa = PBXCopyFilesBuildPhase;
			buildActionMask = 2147483647;
			dstPath = /usr/share/man/man1/;
			dstSubfolderSpec = 0;
			files = (
			);
			runOnlyForDeploymentPostprocessing = 1;
		};
/* End PBXCopyFilesBuildPhase section */

/* Begin PBXFileReference section */
		29204BA21B6675510002CF95 /* rulesBuy */ = {isa = PBXFileReference; explicitFileType = "compiled.mach-o.executable"; includeInIndex = 0; path = rulesBuy; sourceTree = BUILT_PRODUCTS_DIR; };
		29204BA51B6675510002CF95 /* main.cpp */ = {isa = PBXFileReference; lastKnownFileType = sourcecode.cpp.cpp; path = main.cpp; sourceTree = "<group>"; };
		29204BAD1B6675F90002CF95 /* dbConnect.h */ = {isa = PBXFileReference; fileEncoding = 4; lastKnownFileType = sourcecode.c.h; path = dbConnect.h; sourceTree = "<group>"; };
		293C60531B8772B5007FEEFF /* README */ = {isa = PBXFileReference; fileEncoding = 4; lastKnownFileType = text; name = README; path = ../README; sourceTree = "<group>"; };
		293C60541B877476007FEEFF /* buyrules.jcl */ = {isa = PBXFileReference; fileEncoding = 4; lastKnownFileType = text; name = buyrules.jcl; path = ../../../../buy/buyrules.jcl; sourceTree = "<group>"; };
		293C60581B87AB94007FEEFF /* process.cleaned */ = {isa = PBXFileReference; fileEncoding = 4; lastKnownFileType = text; name = process.cleaned; path = ../../../../buy/process.cleaned; sourceTree = "<group>"; };
		293C60591B87B6D1007FEEFF /* getCleanBuy.sh */ = {isa = PBXFileReference; fileEncoding = 4; lastKnownFileType = text.script.sh; name = getCleanBuy.sh; path = ../../../../buy/getCleanBuy.sh; sourceTree = "<group>"; };
		2941A8D61B97EF850019A9AF /* dbConnect.cpp */ = {isa = PBXFileReference; fileEncoding = 4; lastKnownFileType = sourcecode.cpp.cpp; name = dbConnect.cpp; path = ../dbConnect.cpp; sourceTree = "<group>"; };
		29C7621B1BAAF96000AE1181 /* conditions */ = {isa = PBXFileReference; fileEncoding = 4; lastKnownFileType = text; name = conditions; path = ../../../../buy/conditions; sourceTree = "<group>"; };
		29C762341BAC6EB200AE1181 /* LP Definitions Algorithms.docx */ = {isa = PBXFileReference; lastKnownFileType = file; name = "LP Definitions Algorithms.docx"; path = "../../../../Documents/LP/LP Definitions Algorithms.docx"; sourceTree = "<group>"; };
		29EE5FD01B8CF0E3006F9D84 /* actions */ = {isa = PBXFileReference; fileEncoding = 4; lastKnownFileType = text; path = actions; sourceTree = "<group>"; };
/* End PBXFileReference section */

/* Begin PBXFrameworksBuildPhase section */
		29204B9F1B6675510002CF95 /* Frameworks */ = {
			isa = PBXFrameworksBuildPhase;
			buildActionMask = 2147483647;
			files = (
			);
			runOnlyForDeploymentPostprocessing = 0;
		};
/* End PBXFrameworksBuildPhase section */

/* Begin PBXGroup section */
		29204B991B6675510002CF95 = {
			isa = PBXGroup;
			children = (
				29204BA41B6675510002CF95 /* rulesBuy */,
				29204BA31B6675510002CF95 /* Products */,
			);
			sourceTree = "<group>";
		};
		29204BA31B6675510002CF95 /* Products */ = {
			isa = PBXGroup;
			children = (
				29204BA21B6675510002CF95 /* rulesBuy */,
			);
			name = Products;
			sourceTree = "<group>";
		};
		29204BA41B6675510002CF95 /* rulesBuy */ = {
			isa = PBXGroup;
			children = (
				29C762341BAC6EB200AE1181 /* LP Definitions Algorithms.docx */,
				29EE5FD01B8CF0E3006F9D84 /* actions */,
				29C7621B1BAAF96000AE1181 /* conditions */,
				293C60591B87B6D1007FEEFF /* getCleanBuy.sh */,
				293C60581B87AB94007FEEFF /* process.cleaned */,
				293C60541B877476007FEEFF /* buyrules.jcl */,
				293C60531B8772B5007FEEFF /* README */,
				29204BA51B6675510002CF95 /* main.cpp */,
				2941A8D61B97EF850019A9AF /* dbConnect.cpp */,
				29204BAD1B6675F90002CF95 /* dbConnect.h */,
			);
			path = rulesBuy;
			sourceTree = "<group>";
		};
/* End PBXGroup section */

/* Begin PBXNativeTarget section */
		29204BA11B6675510002CF95 /* rulesBuy */ = {
			isa = PBXNativeTarget;
			buildConfigurationList = 29204BA91B6675510002CF95 /* Build configuration list for PBXNativeTarget "rulesBuy" */;
			buildPhases = (
				29204B9E1B6675510002CF95 /* Sources */,
				29204B9F1B6675510002CF95 /* Frameworks */,
				29204BA01B6675510002CF95 /* CopyFiles */,
			);
			buildRules = (
			);
			dependencies = (
			);
			name = rulesBuy;
			productName = rulesBuy;
			productReference = 29204BA21B6675510002CF95 /* rulesBuy */;
			productType = "com.apple.product-type.tool";
		};
/* End PBXNativeTarget section */

/* Begin PBXProject section */
		29204B9A1B6675510002CF95 /* Project object */ = {
			isa = PBXProject;
			attributes = {
				LastUpgradeCheck = 0640;
				ORGANIZATIONNAME = "Gary Duncan";
				TargetAttributes = {
					29204BA11B6675510002CF95 = {
						CreatedOnToolsVersion = 6.4;
					};
				};
			};
			buildConfigurationList = 29204B9D1B6675510002CF95 /* Build configuration list for PBXProject "rulesBuy" */;
			compatibilityVersion = "Xcode 3.2";
			developmentRegion = English;
			hasScannedForEncodings = 0;
			knownRegions = (
				en,
			);
			mainGroup = 29204B991B6675510002CF95;
			productRefGroup = 29204BA31B6675510002CF95 /* Products */;
			projectDirPath = "";
			projectRoot = "";
			targets = (
				29204BA11B6675510002CF95 /* rulesBuy */,
			);
		};
/* End PBXProject section */

/* Begin PBXSourcesBuildPhase section */
		29204B9E1B6675510002CF95 /* Sources */ = {
			isa = PBXSourcesBuildPhase;
			buildActionMask = 2147483647;
			files = (
				2941A8D71B97EF850019A9AF /* dbConnect.cpp in Sources */,
				29204BA61B6675510002CF95 /* main.cpp in Sources */,
			);
			runOnlyForDeploymentPostprocessing = 0;
		};
/* End PBXSourcesBuildPhase section */

/* Begin XCBuildConfiguration section */
		29204BA71B6675510002CF95 /* Debug */ = {
			isa = XCBuildConfiguration;
			buildSettings = {
				ALWAYS_SEARCH_USER_PATHS = NO;
				CLANG_CXX_LANGUAGE_STANDARD = "gnu++0x";
				CLANG_CXX_LIBRARY = "libc++";
				CLANG_ENABLE_MODULES = YES;
				CLANG_ENABLE_OBJC_ARC = YES;
				CLANG_WARN_BOOL_CONVERSION = YES;
				CLANG_WARN_CONSTANT_CONVERSION = YES;
				CLANG_WARN_DIRECT_OBJC_ISA_USAGE = YES_ERROR;
				CLANG_WARN_EMPTY_BODY = YES;
				CLANG_WARN_ENUM_CONVERSION = YES;
				CLANG_WARN_INT_CONVERSION = YES;
				CLANG_WARN_OBJC_ROOT_CLASS = YES_ERROR;
				CLANG_WARN_UNREACHABLE_CODE = YES;
				CLANG_WARN__DUPLICATE_METHOD_MATCH = YES;
				COPY_PHASE_STRIP = NO;
				DEBUG_INFORMATION_FORMAT = dwarf;
				ENABLE_STRICT_OBJC_MSGSEND = YES;
				GCC_C_LANGUAGE_STANDARD = gnu99;
				GCC_DYNAMIC_NO_PIC = NO;
				GCC_NO_COMMON_BLOCKS = YES;
				GCC_OPTIMIZATION_LEVEL = 0;
				GCC_PREPROCESSOR_DEFINITIONS = (
					"DEBUG=1",
					"$(inherited)",
				);
				GCC_SYMBOLS_PRIVATE_EXTERN = NO;
				GCC_WARN_64_TO_32_BIT_CONVERSION = YES;
				GCC_WARN_ABOUT_RETURN_TYPE = YES_ERROR;
				GCC_WARN_UNDECLARED_SELECTOR = YES;
				GCC_WARN_UNINITIALIZED_AUTOS = YES_AGGRESSIVE;
				GCC_WARN_UNUSED_FUNCTION = YES;
				GCC_WARN_UNUSED_VARIABLE = YES;
				MACOSX_DEPLOYMENT_TARGET = 10.10;
				MTL_ENABLE_DEBUG_INFO = YES;
				ONLY_ACTIVE_ARCH = YES;
				SDKROOT = macosx;
			};
			name = Debug;
		};
		29204BA81B6675510002CF95 /* Release */ = {
			isa = XCBuildConfiguration;
			buildSettings = {
				ALWAYS_SEARCH_USER_PATHS = NO;
				CLANG_CXX_LANGUAGE_STANDARD = "gnu++0x";
				CLANG_CXX_LIBRARY = "libc++";
				CLANG_ENABLE_MODULES = YES;
				CLANG_ENABLE_OBJC_ARC = YES;
				CLANG_WARN_BOOL_CONVERSION = YES;
				CLANG_WARN_CONSTANT_CONVERSION = YES;
				CLANG_WARN_DIRECT_OBJC_ISA_USAGE = YES_ERROR;
				CLANG_WARN_EMPTY_BODY = YES;
				CLANG_WARN_ENUM_CONVERSION = YES;
				CLANG_WARN_INT_CONVERSION = YES;
				CLANG_WARN_OBJC_ROOT_CLASS = YES_ERROR;
				CLANG_WARN_UNREACHABLE_CODE = YES;
				CLANG_WARN__DUPLICATE_METHOD_MATCH = YES;
				COPY_PHASE_STRIP = NO;
				DEBUG_INFORMATION_FORMAT = "dwarf-with-dsym";
				ENABLE_NS_ASSERTIONS = NO;
				ENABLE_STRICT_OBJC_MSGSEND = YES;
				GCC_C_LANGUAGE_STANDARD = gnu99;
				GCC_NO_COMMON_BLOCKS = YES;
				GCC_WARN_64_TO_32_BIT_CONVERSION = YES;
				GCC_WARN_ABOUT_RETURN_TYPE = YES_ERROR;
				GCC_WARN_UNDECLARED_SELECTOR = YES;
				GCC_WARN_UNINITIALIZED_AUTOS = YES_AGGRESSIVE;
				GCC_WARN_UNUSED_FUNCTION = YES;
				GCC_WARN_UNUSED_VARIABLE = YES;
				MACOSX_DEPLOYMENT_TARGET = 10.10;
				MTL_ENABLE_DEBUG_INFO = NO;
				SDKROOT = macosx;
			};
			name = Release;
		};
		29204BAA1B6675510002CF95 /* Debug */ = {
			isa = XCBuildConfiguration;
			buildSettings = {
				HEADER_SEARCH_PATHS = (
					"$(inherited)",
					/Applications/Xcode.app/Contents/Developer/Toolchains/XcodeDefault.xctoolchain/usr/include,
					/usr/local/include,
				);
				LIBRARY_SEARCH_PATHS = /usr/local/lib;
				OTHER_LDFLAGS = "-lmysqlcppconn";
				PRODUCT_NAME = "$(TARGET_NAME)";
			};
			name = Debug;
		};
		29204BAB1B6675510002CF95 /* Release */ = {
			isa = XCBuildConfiguration;
			buildSettings = {
				HEADER_SEARCH_PATHS = (
					"$(inherited)",
					/Applications/Xcode.app/Contents/Developer/Toolchains/XcodeDefault.xctoolchain/usr/include,
					/usr/local/include,
				);
				LIBRARY_SEARCH_PATHS = /usr/local/lib;
				OTHER_LDFLAGS = "-lmysqlcppconn";
				PRODUCT_NAME = "$(TARGET_NAME)";
			};
			name = Release;
		};
/* End XCBuildConfiguration section */

/* Begin XCConfigurationList section */
		29204B9D1B6675510002CF95 /* Build configuration list for PBXProject "rulesBuy" */ = {
			isa = XCConfigurationList;
			buildConfigurations = (
				29204BA71B6675510002CF95 /* Debug */,
				29204BA81B6675510002CF95 /* Release */,
			);
			defaultConfigurationIsVisible = 0;
			defaultConfigurationName = Release;
		};
		29204BA91B6675510002CF95 /* Build configuration list for PBXNativeTarget "rulesBuy" */ = {
			isa = XCConfigurationList;
			buildConfigurations = (
				29204BAA1B6675510002CF95 /* Debug */,
				29204BAB1B6675510002CF95 /* Release */,
			);
			defaultConfigurationIsVisible = 0;
			defaultConfigurationName = Release;
		};
/* End XCConfigurationList section */
	};
	rootObject = 29204B9A1B6675510002CF95 /* Project object */;
}
